{
  "pins" : [
    {
      "identity" : "cbuuid-standard",
      "kind" : "remoteSourceControl",
      "location" : "https://github.com/mmpub/CBUUID-Standard.git",
      "state" : {
        "branch" : "main",
        "revision" : "137efe0674e29b44c5028c1332a0bc7025891cf7"
      }
    },
    {
      "identity" : "mvvmd",
      "kind" : "remoteSourceControl",
      "location" : "https://github.com/mmpub/MVVMD.git",
      "state" : {
        "branch" : "main",
        "revision" : "6c3d12e1ab972db023adea5e20f1cdfc04d08089"
      }
    },
    {
      "identity" : "singleinstance",
      "kind" : "remoteSourceControl",
      "location" : "https://github.com/mmpub/SingleInstance.git",
      "state" : {
        "branch" : "main",
        "revision" : "fe59f23a1ad86b47f41ef3766011452c711811d2"
      }
    },
    {
      "identity" : "swift-async-algorithms",
      "kind" : "remoteSourceControl",
      "location" : "https://github.com/apple/swift-async-algorithms.git",
      "state" : {
        "revision" : "cca423ff03ab657062f3781847e65a867b51bb01",
        "version" : "0.0.3"
      }
    }
  ],
  "version" : 2
}
